// !$*UTF8*$!
{
	archiveVersion = 1;
	classes = {
	};
	objectVersion = 46;
	objects = {

/* Begin PBXBuildFile section */
		58BCD1911A68DD7C00E07614 /* AppDelegate.swift in Sources */ = {isa = PBXBuildFile; fileRef = 58BCD1901A68DD7C00E07614 /* AppDelegate.swift */; };
		58BCD1941A68DD7C00E07614 /* ExchangeAGram.xcdatamodeld in Sources */ = {isa = PBXBuildFile; fileRef = 58BCD1921A68DD7C00E07614 /* ExchangeAGram.xcdatamodeld */; };
		58BCD1961A68DD7C00E07614 /* ViewController.swift in Sources */ = {isa = PBXBuildFile; fileRef = 58BCD1951A68DD7C00E07614 /* ViewController.swift */; };
		58BCD1991A68DD7C00E07614 /* Main.storyboard in Resources */ = {isa = PBXBuildFile; fileRef = 58BCD1971A68DD7C00E07614 /* Main.storyboard */; };
		58BCD19B1A68DD7C00E07614 /* Images.xcassets in Resources */ = {isa = PBXBuildFile; fileRef = 58BCD19A1A68DD7C00E07614 /* Images.xcassets */; };
		58BCD19E1A68DD7C00E07614 /* LaunchScreen.xib in Resources */ = {isa = PBXBuildFile; fileRef = 58BCD19C1A68DD7C00E07614 /* LaunchScreen.xib */; };
		58BCD1AA1A68DD7D00E07614 /* ExchangeAGramTests.swift in Sources */ = {isa = PBXBuildFile; fileRef = 58BCD1A91A68DD7D00E07614 /* ExchangeAGramTests.swift */; };
/* End PBXBuildFile section */

/* Begin PBXContainerItemProxy section */
		58BCD1A41A68DD7C00E07614 /* PBXContainerItemProxy */ = {
			isa = PBXContainerItemProxy;
			containerPortal = 58BCD1831A68DD7C00E07614 /* Project object */;
			proxyType = 1;
			remoteGlobalIDString = 58BCD18A1A68DD7C00E07614;
			remoteInfo = ExchangeAGram;
		};
/* End PBXContainerItemProxy section */

/* Begin PBXFileReference section */
		58BCD18B1A68DD7C00E07614 /* ExchangeAGram.app */ = {isa = PBXFileReference; explicitFileType = wrapper.application; includeInIndex = 0; path = ExchangeAGram.app; sourceTree = BUILT_PRODUCTS_DIR; };
		58BCD18F1A68DD7C00E07614 /* Info.plist */ = {isa = PBXFileReference; lastKnownFileType = text.plist.xml; path = Info.plist; sourceTree = "<group>"; };
		58BCD1901A68DD7C00E07614 /* AppDelegate.swift */ = {isa = PBXFileReference; lastKnownFileType = sourcecode.swift; path = AppDelegate.swift; sourceTree = "<group>"; };
		58BCD1931A68DD7C00E07614 /* ExchangeAGram.xcdatamodel */ = {isa = PBXFileReference; lastKnownFileType = wrapper.xcdatamodel; path = ExchangeAGram.xcdatamodel; sourceTree = "<group>"; };
		58BCD1951A68DD7C00E07614 /* ViewController.swift */ = {isa = PBXFileReference; lastKnownFileType = sourcecode.swift; path = ViewController.swift; sourceTree = "<group>"; };
		58BCD1981A68DD7C00E07614 /* Base */ = {isa = PBXFileReference; lastKnownFileType = file.storyboard; name = Base; path = Base.lproj/Main.storyboard; sourceTree = "<group>"; };
		58BCD19A1A68DD7C00E07614 /* Images.xcassets */ = {isa = PBXFileReference; lastKnownFileType = folder.assetcatalog; path = Images.xcassets; sourceTree = "<group>"; };
		58BCD19D1A68DD7C00E07614 /* Base */ = {isa = PBXFileReference; lastKnownFileType = file.xib; name = Base; path = Base.lproj/LaunchScreen.xib; sourceTree = "<group>"; };
		58BCD1A31A68DD7C00E07614 /* ExchangeAGramTests.xctest */ = {isa = PBXFileReference; explicitFileType = wrapper.cfbundle; includeInIndex = 0; path = ExchangeAGramTests.xctest; sourceTree = BUILT_PRODUCTS_DIR; };
		58BCD1A81A68DD7D00E07614 /* Info.plist */ = {isa = PBXFileReference; lastKnownFileType = text.plist.xml; path = Info.plist; sourceTree = "<group>"; };
		58BCD1A91A68DD7D00E07614 /* ExchangeAGramTests.swift */ = {isa = PBXFileReference; lastKnownFileType = sourcecode.swift; path = ExchangeAGramTests.swift; sourceTree = "<group>"; };
/* End PBXFileReference section */

/* Begin PBXFrameworksBuildPhase section */
		58BCD1881A68DD7C00E07614 /* Frameworks */ = {
			isa = PBXFrameworksBuildPhase;
			buildActionMask = 2147483647;
			files = (
			);
			runOnlyForDeploymentPostprocessing = 0;
		};
		58BCD1A01A68DD7C00E07614 /* Frameworks */ = {
			isa = PBXFrameworksBuildPhase;
			buildActionMask = 2147483647;
			files = (
			);
			runOnlyForDeploymentPostprocessing = 0;
		};
/* End PBXFrameworksBuildPhase section */

/* Begin PBXGroup section */
		58BCD1821A68DD7C00E07614 = {
			isa = PBXGroup;
			children = (
				58BCD18D1A68DD7C00E07614 /* ExchangeAGram */,
				58BCD1A61A68DD7C00E07614 /* ExchangeAGramTests */,
				58BCD18C1A68DD7C00E07614 /* Products */,
			);
			sourceTree = "<group>";
		};
		58BCD18C1A68DD7C00E07614 /* Products */ = {
			isa = PBXGroup;
			children = (
				58BCD18B1A68DD7C00E07614 /* ExchangeAGram.app */,
				58BCD1A31A68DD7C00E07614 /* ExchangeAGramTests.xctest */,
			);
			name = Products;
			sourceTree = "<group>";
		};
		58BCD18D1A68DD7C00E07614 /* ExchangeAGram */ = {
			isa = PBXGroup;
			children = (
				58BCD1901A68DD7C00E07614 /* AppDelegate.swift */,
				58BCD1951A68DD7C00E07614 /* ViewController.swift */,
				58BCD1971A68DD7C00E07614 /* Main.storyboard */,
				58BCD19A1A68DD7C00E07614 /* Images.xcassets */,
				58BCD19C1A68DD7C00E07614 /* LaunchScreen.xib */,
				58BCD1921A68DD7C00E07614 /* ExchangeAGram.xcdatamodeld */,
				58BCD18E1A68DD7C00E07614 /* Supporting Files */,
			);
			path = ExchangeAGram;
			sourceTree = "<group>";
		};
		58BCD18E1A68DD7C00E07614 /* Supporting Files */ = {
			isa = PBXGroup;
			children = (
				58BCD18F1A68DD7C00E07614 /* Info.plist */,
			);
			name = "Supporting Files";
			sourceTree = "<group>";
		};
		58BCD1A61A68DD7C00E07614 /* ExchangeAGramTests */ = {
			isa = PBXGroup;
			children = (
				58BCD1A91A68DD7D00E07614 /* ExchangeAGramTests.swift */,
				58BCD1A71A68DD7D00E07614 /* Supporting Files */,
			);
			path = ExchangeAGramTests;
			sourceTree = "<group>";
		};
		58BCD1A71A68DD7D00E07614 /* Supporting Files */ = {
			isa = PBXGroup;
			children = (
				58BCD1A81A68DD7D00E07614 /* Info.plist */,
			);
			name = "Supporting Files";
			sourceTree = "<group>";
		};
/* End PBXGroup section */

/* Begin PBXNativeTarget section */
		58BCD18A1A68DD7C00E07614 /* ExchangeAGram */ = {
			isa = PBXNativeTarget;
			buildConfigurationList = 58BCD1AD1A68DD7D00E07614 /* Build configuration list for PBXNativeTarget "ExchangeAGram" */;
			buildPhases = (
				58BCD1871A68DD7C00E07614 /* Sources */,
				58BCD1881A68DD7C00E07614 /* Frameworks */,
				58BCD1891A68DD7C00E07614 /* Resources */,
			);
			buildRules = (
			);
			dependencies = (
			);
			name = ExchangeAGram;
			productName = ExchangeAGram;
			productReference = 58BCD18B1A68DD7C00E07614 /* ExchangeAGram.app */;
			productType = "com.apple.product-type.application";
		};
		58BCD1A21A68DD7C00E07614 /* ExchangeAGramTests */ = {
			isa = PBXNativeTarget;
			buildConfigurationList = 58BCD1B01A68DD7D00E07614 /* Build configuration list for PBXNativeTarget "ExchangeAGramTests" */;
			buildPhases = (
				58BCD19F1A68DD7C00E07614 /* Sources */,
				58BCD1A01A68DD7C00E07614 /* Frameworks */,
				58BCD1A11A68DD7C00E07614 /* Resources */,
			);
			buildRules = (
			);
			dependencies = (
				58BCD1A51A68DD7C00E07614 /* PBXTargetDependency */,
			);
			name = ExchangeAGramTests;
			productName = ExchangeAGramTests;
			productReference = 58BCD1A31A68DD7C00E07614 /* ExchangeAGramTests.xctest */;
			productType = "com.apple.product-type.bundle.unit-test";
		};
/* End PBXNativeTarget section */

/* Begin PBXProject section */
		58BCD1831A68DD7C00E07614 /* Project object */ = {
			isa = PBXProject;
			attributes = {
				LastUpgradeCheck = 0610;
				ORGANIZATIONNAME = "Vincent van Leeuwen";
				TargetAttributes = {
					58BCD18A1A68DD7C00E07614 = {
						CreatedOnToolsVersion = 6.1;
					};
					58BCD1A21A68DD7C00E07614 = {
						CreatedOnToolsVersion = 6.1;
						TestTargetID = 58BCD18A1A68DD7C00E07614;
					};
				};
			};
			buildConfigurationList = 58BCD1861A68DD7C00E07614 /* Build configuration list for PBXProject "ExchangeAGram" */;
			compatibilityVersion = "Xcode 3.2";
			developmentRegion = English;
			hasScannedForEncodings = 0;
			knownRegions = (
				en,
				Base,
			);
			mainGroup = 58BCD1821A68DD7C00E07614;
			productRefGroup = 58BCD18C1A68DD7C00E07614 /* Products */;
			projectDirPath = "";
			projectRoot = "";
			targets = (
				58BCD18A1A68DD7C00E07614 /* ExchangeAGram */,
				58BCD1A21A68DD7C00E07614 /* ExchangeAGramTests */,
			);
		};
/* End PBXProject section */

/* Begin PBXResourcesBuildPhase section */
		58BCD1891A68DD7C00E07614 /* Resources */ = {
			isa = PBXResourcesBuildPhase;
			buildActionMask = 2147483647;
			files = (
				58BCD1991A68DD7C00E07614 /* Main.storyboard in Resources */,
				58BCD19E1A68DD7C00E07614 /* LaunchScreen.xib in Resources */,
				58BCD19B1A68DD7C00E07614 /* Images.xcassets in Resources */,
			);
			runOnlyForDeploymentPostprocessing = 0;
		};
		58BCD1A11A68DD7C00E07614 /* Resources */ = {
			isa = PBXResourcesBuildPhase;
			buildActionMask = 2147483647;
			files = (
			);
			runOnlyForDeploymentPostprocessing = 0;
		};
/* End PBXResourcesBuildPhase section */

/* Begin PBXSourcesBuildPhase section */
		58BCD1871A68DD7C00E07614 /* Sources */ = {
			isa = PBXSourcesBuildPhase;
			buildActionMask = 2147483647;
			files = (
				58BCD1961A68DD7C00E07614 /* ViewController.swift in Sources */,
				58BCD1911A68DD7C00E07614 /* AppDelegate.swift in Sources */,
				58BCD1941A68DD7C00E07614 /* ExchangeAGram.xcdatamodeld in Sources */,
			);
			runOnlyForDeploymentPostprocessing = 0;
		};
		58BCD19F1A68DD7C00E07614 /* Sources */ = {
			isa = PBXSourcesBuildPhase;
			buildActionMask = 2147483647;
			files = (
				58BCD1AA1A68DD7D00E07614 /* ExchangeAGramTests.swift in Sources */,
			);
			runOnlyForDeploymentPostprocessing = 0;
		};
/* End PBXSourcesBuildPhase section */

/* Begin PBXTargetDependency section */
		58BCD1A51A68DD7C00E07614 /* PBXTargetDependency */ = {
			isa = PBXTargetDependency;
			target = 58BCD18A1A68DD7C00E07614 /* ExchangeAGram */;
			targetProxy = 58BCD1A41A68DD7C00E07614 /* PBXContainerItemProxy */;
		};
/* End PBXTargetDependency section */

/* Begin PBXVariantGroup section */
		58BCD1971A68DD7C00E07614 /* Main.storyboard */ = {
			isa = PBXVariantGroup;
			children = (
				58BCD1981A68DD7C00E07614 /* Base */,
			);
			name = Main.storyboard;
			sourceTree = "<group>";
		};
		58BCD19C1A68DD7C00E07614 /* LaunchScreen.xib */ = {
			isa = PBXVariantGroup;
			children = (
				58BCD19D1A68DD7C00E07614 /* Base */,
			);
			name = LaunchScreen.xib;
			sourceTree = "<group>";
		};
/* End PBXVariantGroup section */

/* Begin XCBuildConfiguration section */
		58BCD1AB1A68DD7D00E07614 /* Debug */ = {
			isa = XCBuildConfiguration;
			buildSettings = {
				ALWAYS_SEARCH_USER_PATHS = NO;
				CLANG_CXX_LANGUAGE_STANDARD = "gnu++0x";
				CLANG_CXX_LIBRARY = "libc++";
				CLANG_ENABLE_MODULES = YES;
				CLANG_ENABLE_OBJC_ARC = YES;
				CLANG_WARN_BOOL_CONVERSION = YES;
				CLANG_WARN_CONSTANT_CONVERSION = YES;
				CLANG_WARN_DIRECT_OBJC_ISA_USAGE = YES_ERROR;
				CLANG_WARN_EMPTY_BODY = YES;
				CLANG_WARN_ENUM_CONVERSION = YES;
				CLANG_WARN_INT_CONVERSION = YES;
				CLANG_WARN_OBJC_ROOT_CLASS = YES_ERROR;
				CLANG_WARN_UNREACHABLE_CODE = YES;
				CLANG_WARN__DUPLICATE_METHOD_MATCH = YES;
				"CODE_SIGN_IDENTITY[sdk=iphoneos*]" = "iPhone Developer";
				COPY_PHASE_STRIP = NO;
				ENABLE_STRICT_OBJC_MSGSEND = YES;
				GCC_C_LANGUAGE_STANDARD = gnu99;
				GCC_DYNAMIC_NO_PIC = NO;
				GCC_OPTIMIZATION_LEVEL = 0;
				GCC_PREPROCESSOR_DEFINITIONS = (
					"DEBUG=1",
					"$(inherited)",
				);
				GCC_SYMBOLS_PRIVATE_EXTERN = NO;
				GCC_WARN_64_TO_32_BIT_CONVERSION = YES;
				GCC_WARN_ABOUT_RETURN_TYPE = YES_ERROR;
				GCC_WARN_UNDECLARED_SELECTOR = YES;
				GCC_WARN_UNINITIALIZED_AUTOS = YES_AGGRESSIVE;
				GCC_WARN_UNUSED_FUNCTION = YES;
				GCC_WARN_UNUSED_VARIABLE = YES;
				IPHONEOS_DEPLOYMENT_TARGET = 8.1;
				MTL_ENABLE_DEBUG_INFO = YES;
				ONLY_ACTIVE_ARCH = YES;
				SDKROOT = iphoneos;
				SWIFT_OPTIMIZATION_LEVEL = "-Onone";
				TARGETED_DEVICE_FAMILY = "1,2";
			};
			name = Debug;
		};
		58BCD1AC1A68DD7D00E07614 /* Release */ = {
			isa = XCBuildConfiguration;
			buildSettings = {
				ALWAYS_SEARCH_USER_PATHS = NO;
				CLANG_CXX_LANGUAGE_STANDARD = "gnu++0x";
				CLANG_CXX_LIBRARY = "libc++";
				CLANG_ENABLE_MODULES = YES;
				CLANG_ENABLE_OBJC_ARC = YES;
				CLANG_WARN_BOOL_CONVERSION = YES;
				CLANG_WARN_CONSTANT_CONVERSION = YES;
				CLANG_WARN_DIRECT_OBJC_ISA_USAGE = YES_ERROR;
				CLANG_WARN_EMPTY_BODY = YES;
				CLANG_WARN_ENUM_CONVERSION = YES;
				CLANG_WARN_INT_CONVERSION = YES;
				CLANG_WARN_OBJC_ROOT_CLASS = YES_ERROR;
				CLANG_WARN_UNREACHABLE_CODE = YES;
				CLANG_WARN__DUPLICATE_METHOD_MATCH = YES;
				"CODE_SIGN_IDENTITY[sdk=iphoneos*]" = "iPhone Developer";
				COPY_PHASE_STRIP = YES;
				ENABLE_NS_ASSERTIONS = NO;
				ENABLE_STRICT_OBJC_MSGSEND = YES;
				GCC_C_LANGUAGE_STANDARD = gnu99;
				GCC_WARN_64_TO_32_BIT_CONVERSION = YES;
				GCC_WARN_ABOUT_RETURN_TYPE = YES_ERROR;
				GCC_WARN_UNDECLARED_SELECTOR = YES;
				GCC_WARN_UNINITIALIZED_AUTOS = YES_AGGRESSIVE;
				GCC_WARN_UNUSED_FUNCTION = YES;
				GCC_WARN_UNUSED_VARIABLE = YES;
				IPHONEOS_DEPLOYMENT_TARGET = 8.1;
				MTL_ENABLE_DEBUG_INFO = NO;
				SDKROOT = iphoneos;
				TARGETED_DEVICE_FAMILY = "1,2";
				VALIDATE_PRODUCT = YES;
			};
			name = Release;
		};
		58BCD1AE1A68DD7D00E07614 /* Debug */ = {
			isa = XCBuildConfiguration;
			buildSettings = {
				ASSETCATALOG_COMPILER_APPICON_NAME = AppIcon;
				INFOPLIST_FILE = ExchangeAGram/Info.plist;
				LD_RUNPATH_SEARCH_PATHS = "$(inherited) @executable_path/Frameworks";
				PRODUCT_NAME = "$(TARGET_NAME)";
			};
			name = Debug;
		};
		58BCD1AF1A68DD7D00E07614 /* Release */ = {
			isa = XCBuildConfiguration;
			buildSettings = {
				ASSETCATALOG_COMPILER_APPICON_NAME = AppIcon;
				INFOPLIST_FILE = ExchangeAGram/Info.plist;
				LD_RUNPATH_SEARCH_PATHS = "$(inherited) @executable_path/Frameworks";
				PRODUCT_NAME = "$(TARGET_NAME)";
			};
			name = Release;
		};
		58BCD1B11A68DD7D00E07614 /* Debug */ = {
			isa = XCBuildConfiguration;
			buildSettings = {
				BUNDLE_LOADER = "$(TEST_HOST)";
				FRAMEWORK_SEARCH_PATHS = (
					"$(SDKROOT)/Developer/Library/Frameworks",
					"$(inherited)",
				);
				GCC_PREPROCESSOR_DEFINITIONS = (
					"DEBUG=1",
					"$(inherited)",
				);
				INFOPLIST_FILE = ExchangeAGramTests/Info.plist;
				LD_RUNPATH_SEARCH_PATHS = "$(inherited) @executable_path/Frameworks @loader_path/Frameworks";
				PRODUCT_NAME = "$(TARGET_NAME)";
				TEST_HOST = "$(BUILT_PRODUCTS_DIR)/ExchangeAGram.app/ExchangeAGram";
			};
			name = Debug;
		};
		58BCD1B21A68DD7D00E07614 /* Release */ = {
			isa = XCBuildConfiguration;
			buildSettings = {
				BUNDLE_LOADER = "$(TEST_HOST)";
				FRAMEWORK_SEARCH_PATHS = (
					"$(SDKROOT)/Developer/Library/Frameworks",
					"$(inherited)",
				);
				INFOPLIST_FILE = ExchangeAGramTests/Info.plist;
				LD_RUNPATH_SEARCH_PATHS = "$(inherited) @executable_path/Frameworks @loader_path/Frameworks";
				PRODUCT_NAME = "$(TARGET_NAME)";
				TEST_HOST = "$(BUILT_PRODUCTS_DIR)/ExchangeAGram.app/ExchangeAGram";
			};
			name = Release;
		};
/* End XCBuildConfiguration section */

/* Begin XCConfigurationList section */
		58BCD1861A68DD7C00E07614 /* Build configuration list for PBXProject "ExchangeAGram" */ = {
			isa = XCConfigurationList;
			buildConfigurations = (
				58BCD1AB1A68DD7D00E07614 /* Debug */,
				58BCD1AC1A68DD7D00E07614 /* Release */,
			);
			defaultConfigurationIsVisible = 0;
			defaultConfigurationName = Release;
		};
		58BCD1AD1A68DD7D00E07614 /* Build configuration list for PBXNativeTarget "ExchangeAGram" */ = {
			isa = XCConfigurationList;
			buildConfigurations = (
				58BCD1AE1A68DD7D00E07614 /* Debug */,
				58BCD1AF1A68DD7D00E07614 /* Release */,
			);
			defaultConfigurationIsVisible = 0;
		};
		58BCD1B01A68DD7D00E07614 /* Build configuration list for PBXNativeTarget "ExchangeAGramTests" */ = {
			isa = XCConfigurationList;
			buildConfigurations = (
				58BCD1B11A68DD7D00E07614 /* Debug */,
				58BCD1B21A68DD7D00E07614 /* Release */,
			);
			defaultConfigurationIsVisible = 0;
		};
/* End XCConfigurationList section */

/* Begin XCVersionGroup section */
		58BCD1921A68DD7C00E07614 /* ExchangeAGram.xcdatamodeld */ = {
			isa = XCVersionGroup;
			children = (
				58BCD1931A68DD7C00E07614 /* ExchangeAGram.xcdatamodel */,
			);
			currentVersion = 58BCD1931A68DD7C00E07614 /* ExchangeAGram.xcdatamodel */;
			path = ExchangeAGram.xcdatamodeld;
			sourceTree = "<group>";
			versionGroupType = wrapper.xcdatamodel;
		};
/* End XCVersionGroup section */
	};
	rootObject = 58BCD1831A68DD7C00E07614 /* Project object */;
}
